<?xml version="1.0" encoding="utf-8"?>
<Project ToolsVersion="4.0" xmlns="http://schemas.microsoft.com/developer/msbuild/2003">
  <ItemGroup>
    <Filter Include="Source Files">
      <UniqueIdentifier>{4FC737F1-C7A5-4376-A066-2A32D752A2FF}</UniqueIdentifier>
      <Extensions>qml;cpp;c;cc;cxx;def;odl;idl;hpj;bat;asm;asmx</Extensions>
    </Filter>
    <Filter Include="Header Files">
      <UniqueIdentifier>{93995380-89BD-4B04-88EB-625FBE52EBFB}</UniqueIdentifier>
      <Extensions>h;hh;hpp;hxx;hm;inl;inc;xsd</Extensions>
    </Filter>
    <Filter Include="Resource Files">
      <UniqueIdentifier>{67DA6AB6-F800-4C08-8B7A-83BB121AAD01}</UniqueIdentifier>
      <Extensions>qrc;rc;ico;cur;bmp;dlg;rc2;rct;bin;rgs;gif;jpg;jpeg;jpe;resx;tiff;tif;png;wav;mfcribbon-ms</Extensions>
    </Filter>
    <Filter Include="Form Files">
      <UniqueIdentifier>{99349809-55BA-4B9D-BF79-8FDBB0286EB3}</UniqueIdentifier>
      <Extensions>ui</Extensions>
    </Filter>
    <Filter Include="Documentation">
      <UniqueIdentifier>{CF02A27D-5D25-4A31-A6D6-F2F9958351D5}</UniqueIdentifier>
    </Filter>
    <Filter Include="Source Files\Application">
      <UniqueIdentifier>{57D7E8DA-5EA8-4BE0-B785-A8A8D4D21B10}</UniqueIdentifier>
    </Filter>
    <Filter Include="Header Files\Application">
      <UniqueIdentifier>{16F65A53-1AE7-4E4A-AF75-F90E1A8E7DEE}</UniqueIdentifier>
    </Filter>
    <Filter Include="Source Files\View">
      <UniqueIdentifier>{65B348BF-8E55-45F1-80A8-DAB97DFCF736}</UniqueIdentifier>
    </Filter>
    <Filter Include="Header Files\View">
      <UniqueIdentifier>{188A75B2-2DD1-4A85-8E81-F7124C10F5C5}</UniqueIdentifier>
    </Filter>
    <Filter Include="Source Files\View\Interaction">
      <UniqueIdentifier>{9962B557-58D0-4B39-9B02-65B8C514528C}</UniqueIdentifier>
    </Filter>
    <Filter Include="Header Files\View\Interaction">
      <UniqueIdentifier>{3CB4F63D-D955-4EB8-B9EC-037CC683F516}</UniqueIdentifier>
    </Filter>
    <Filter Include="Source Files\View\Rendering">
      <UniqueIdentifier>{0DFFAD72-FBB3-4EEA-85AF-09DCA7D6A2F6}</UniqueIdentifier>
    </Filter>
    <Filter Include="Header Files\View\Rendering">
      <UniqueIdentifier>{F04CA29C-271F-49D6-9DE8-7FEB4A3887AF}</UniqueIdentifier>
    </Filter>
    <Filter Include="Source Files\View\Scene">
      <UniqueIdentifier>{F2ABFFDA-E671-4A0B-AF9F-9CBCE9B95AF2}</UniqueIdentifier>
    </Filter>
    <Filter Include="Header Files\View\Scene">
      <UniqueIdentifier>{57239748-F261-4D04-A385-2F060801B03C}</UniqueIdentifier>
    </Filter>
    <Filter Include="Source Files\View\Transform">
      <UniqueIdentifier>{57A3176D-C9A3-41C0-9EBF-6F0DDD7A75A6}</UniqueIdentifier>
    </Filter>
    <Filter Include="Header Files\View\Transform">
      <UniqueIdentifier>{BBF58C93-97FE-458D-9FFC-9F9DD0C4E43A}</UniqueIdentifier>
    </Filter>
    <Filter Include="Source Files\Editing">
      <UniqueIdentifier>{A7C5AA20-78D9-4C41-BB28-A29192F2D4C8}</UniqueIdentifier>
    </Filter>
    <Filter Include="Header Files\Editing">
      <UniqueIdentifier>{0AB91864-2084-4C45-BCFA-C2BE75054D55}</UniqueIdentifier>
    </Filter>
    <Filter Include="Source Files\Document">
      <UniqueIdentifier>{3C5C088C-4D5C-47A7-A9BC-4602B82FB74A}</UniqueIdentifier>
    </Filter>
    <Filter Include="Header Files\Document">
      <UniqueIdentifier>{0502B455-873F-4AD5-95CB-FA704CCB2A64}</UniqueIdentifier>
    </Filter>
    <Filter Include="Source Files\Model">
      <UniqueIdentifier>{B94BE23A-0EBF-4333-91C3-3BC30A830DB6}</UniqueIdentifier>
    </Filter>
    <Filter Include="Header Files\Model">
      <UniqueIdentifier>{2AE86FB3-4073-4BDB-8AD4-386C2E4792DC}</UniqueIdentifier>
    </Filter>
    <Filter Include="Source Files\Model\DX IO">
      <UniqueIdentifier>{990E623E-FFFB-4F96-8596-34F6C996C494}</UniqueIdentifier>
    </Filter>
    <Filter Include="Header Files\Model\DX IO">
      <UniqueIdentifier>{755A190A-BE56-4C19-B8B1-40F95E2DF634}</UniqueIdentifier>
    </Filter>
    <Filter Include="Source Files\Item">
      <UniqueIdentifier>{FC314D80-5E66-4C0C-9824-3E9E17E107CB}</UniqueIdentifier>
    </Filter>
    <Filter Include="Header Files\Item">
      <UniqueIdentifier>{DD8B08FA-F121-4D40-9724-143CF8C0057C}</UniqueIdentifier>
    </Filter>
    <Filter Include="Header Files\Model\libdxfrw">
      <UniqueIdentifier>{6d26780b-ba68-461b-8583-e7a716ae8024}</UniqueIdentifier>
    </Filter>
    <Filter Include="Header Files\Model\libdxfrw\intern">
      <UniqueIdentifier>{7bebb6db-b023-4f00-b12a-c5de980c69e5}</UniqueIdentifier>
    </Filter>
    <Filter Include="Source Files\Model\libdxfrw">
      <UniqueIdentifier>{0cd5bc2a-0a61-44ff-a50f-48f4db43daa6}</UniqueIdentifier>
    </Filter>
    <Filter Include="Source Files\Model\libdxfrw\intern">
      <UniqueIdentifier>{e049507f-f23f-404c-b551-1eb28022ff2c}</UniqueIdentifier>
    </Filter>
  </ItemGroup>
  <ItemGroup>
    <QtRcc Include="Gcode_postprocessing_system.qrc">
      <Filter>Resource Files</Filter>
    </QtRcc>
    <QtUic Include="Gcode_postprocessing_system.ui">
      <Filter>Form Files</Filter>
    </QtUic>
  </ItemGroup>
  <ItemGroup>
    <None Include="README.md">
      <Filter>Documentation</Filter>
    </None>
    <None Include="AGENTS.md">
      <Filter>Documentation</Filter>
    </None>
  </ItemGroup>
  <ItemGroup>
    <QtMoc Include="include\Gcode_postprocessing_system.h">
      <Filter>Header Files\Application</Filter>
    </QtMoc>
    <QtMoc Include="include\CadViewer.h">
      <Filter>Header Files\View</Filter>
    </QtMoc>
    <QtMoc Include="include\CadItem.h">
      <Filter>Header Files\Item</Filter>
    </QtMoc>
    <QtMoc Include="include\CadDocument.h">
      <Filter>Header Files\Document</Filter>
    </QtMoc>
    <QtMoc Include="include\CadToolPanelWidget.h">
      <Filter>Header Files\Application</Filter>
    </QtMoc>
  </ItemGroup>
  <ItemGroup>
    <ClCompile Include="src\pch.cpp">
      <Filter>Source Files\Application</Filter>
    </ClCompile>
    <ClCompile Include="src\main.cpp">
      <Filter>Source Files\Application</Filter>
    </ClCompile>
    <ClCompile Include="src\Gcode_postprocessing_system.cpp">
      <Filter>Source Files\Application</Filter>
    </ClCompile>
    <ClCompile Include="src\CadBitmapImportDialog.cpp">
      <Filter>Source Files\Application</Filter>
    </ClCompile>
    <ClCompile Include="src\CadViewer.cpp">
      <Filter>Source Files\View</Filter>
    </ClCompile>
    <ClCompile Include="src\CadCommandLineWidget.cpp">
      <Filter>Source Files\View</Filter>
    </ClCompile>
    <ClCompile Include="src\CadStatusPaneWidget.cpp">
      <Filter>Source Files\View</Filter>
    </ClCompile>
    <ClCompile Include="src\CadToolPanelWidget.cpp">
      <Filter>Source Files\Application</Filter>
    </ClCompile>
    <ClCompile Include="src\CadController.cpp">
      <Filter>Source Files\View\Interaction</Filter>
    </ClCompile>
    <ClCompile Include="src\DrawStateMachine.cpp">
      <Filter>Source Files\View\Interaction</Filter>
    </ClCompile>
    <ClCompile Include="src\CadCrosshairBuilder.cpp">
      <Filter>Source Files\View\Interaction</Filter>
    </ClCompile>
    <ClCompile Include="src\CadEntityPicker.cpp">
      <Filter>Source Files\View\Interaction</Filter>
    </ClCompile>
    <ClCompile Include="src\CadPreviewBuilder.cpp">
      <Filter>Source Files\View\Interaction</Filter>
    </ClCompile>
    <ClCompile Include="src\CadViewInteractionController.cpp">
      <Filter>Source Files\View\Interaction</Filter>
    </ClCompile>
    <ClCompile Include="src\CadEntityRenderer.cpp">
      <Filter>Source Files\View\Rendering</Filter>
    </ClCompile>
    <ClCompile Include="src\CadGraphicsCoordinator.cpp">
      <Filter>Source Files\View\Rendering</Filter>
    </ClCompile>
    <ClCompile Include="src\CadOpenGLState.cpp">
      <Filter>Source Files\View\Rendering</Filter>
    </ClCompile>
    <ClCompile Include="src\CadOverlayRenderer.cpp">
      <Filter>Source Files\View\Rendering</Filter>
    </ClCompile>
    <ClCompile Include="src\CadReferenceRenderer.cpp">
      <Filter>Source Files\View\Rendering</Filter>
    </ClCompile>
    <ClCompile Include="src\CadShaderManager.cpp">
      <Filter>Source Files\View\Rendering</Filter>
    </ClCompile>
    <ClCompile Include="src\CadSceneCoordinator.cpp">
      <Filter>Source Files\View\Scene</Filter>
    </ClCompile>
    <ClCompile Include="src\CadSceneContext.cpp">
      <Filter>Source Files\View\Scene</Filter>
    </ClCompile>
    <ClCompile Include="src\CadSceneRenderCache.cpp">
      <Filter>Source Files\View\Scene</Filter>
    </ClCompile>
    <ClCompile Include="src\CadCamera.cpp">
      <Filter>Source Files\View\Transform</Filter>
    </ClCompile>
    <ClCompile Include="src\CadCameraMath.cpp">
      <Filter>Source Files\View\Transform</Filter>
    </ClCompile>
    <ClCompile Include="src\CadCameraUtils.cpp">
      <Filter>Source Files\View\Transform</Filter>
    </ClCompile>
    <ClCompile Include="src\CadViewTransform.cpp">
      <Filter>Source Files\View\Transform</Filter>
    </ClCompile>
    <ClCompile Include="src\CadViewerUtils.cpp">
      <Filter>Source Files\View\Transform</Filter>
    </ClCompile>
    <ClCompile Include="src\CadEditer.cpp">
      <Filter>Source Files\Editing</Filter>
    </ClCompile>
    <ClCompile Include="src\CadDocument.cpp">
      <Filter>Source Files\Document</Filter>
    </ClCompile>
    <ClCompile Include="src\GProfile.cpp">
      <Filter>Source Files\Document</Filter>
    </ClCompile>
    <ClCompile Include="src\GGenerator.cpp">
      <Filter>Source Files\Document</Filter>
    </ClCompile>
    <ClCompile Include="src\dx_iface.cpp">
      <Filter>Source Files\Model\DX IO</Filter>
    </ClCompile>
    <ClCompile Include="src\CadBitmapVectorizer.cpp">
      <Filter>Source Files\Model</Filter>
    </ClCompile>
    <ClCompile Include="src\CadArcItem.cpp">
      <Filter>Source Files\Item</Filter>
    </ClCompile>
    <ClCompile Include="src\CadCircleItem.cpp">
      <Filter>Source Files\Item</Filter>
    </ClCompile>
    <ClCompile Include="src\CadEllipseItem.cpp">
      <Filter>Source Files\Item</Filter>
    </ClCompile>
    <ClCompile Include="src\CadLineItem.cpp">
      <Filter>Source Files\Item</Filter>
    </ClCompile>
    <ClCompile Include="src\CadLWPolylineItem.cpp">
      <Filter>Source Files\Item</Filter>
    </ClCompile>
    <ClCompile Include="src\CadPointItem.cpp">
      <Filter>Source Files\Item</Filter>
    </ClCompile>
    <ClCompile Include="src\CadProcessVisualUtils.cpp">
      <Filter>Source Files\Document</Filter>
    </ClCompile>
    <ClCompile Include="src\CadPolylineItem.cpp">
      <Filter>Source Files\Item</Filter>
    </ClCompile>
    <ClCompile Include="src\libdxfrw\libdwgr.cpp">
      <Filter>Source Files\Model\libdxfrw</Filter>
    </ClCompile>
    <ClCompile Include="src\libdxfrw\libdxfrw.cpp">
      <Filter>Source Files\Model\libdxfrw</Filter>
    </ClCompile>
    <ClCompile Include="src\libdxfrw\drw_base.cpp">
      <Filter>Source Files\Model\libdxfrw</Filter>
    </ClCompile>
    <ClCompile Include="src\libdxfrw\drw_classes.cpp">
      <Filter>Source Files\Model\libdxfrw</Filter>
    </ClCompile>
    <ClCompile Include="src\libdxfrw\drw_entities.cpp">
      <Filter>Source Files\Model\libdxfrw</Filter>
    </ClCompile>
    <ClCompile Include="src\libdxfrw\drw_header.cpp">
      <Filter>Source Files\Model\libdxfrw</Filter>
    </ClCompile>
    <ClCompile Include="src\libdxfrw\drw_objects.cpp">
      <Filter>Source Files\Model\libdxfrw</Filter>
    </ClCompile>
    <ClCompile Include="src\libdxfrw\intern\drw_dbg.cpp">
      <Filter>Source Files\Model\libdxfrw\intern</Filter>
    </ClCompile>
    <ClCompile Include="src\libdxfrw\intern\drw_textcodec.cpp">
      <Filter>Source Files\Model\libdxfrw\intern</Filter>
    </ClCompile>
    <ClCompile Include="src\libdxfrw\intern\dwgbuffer.cpp">
      <Filter>Source Files\Model\libdxfrw\intern</Filter>
    </ClCompile>
    <ClCompile Include="src\libdxfrw\intern\dwgreader.cpp">
      <Filter>Source Files\Model\libdxfrw\intern</Filter>
    </ClCompile>
    <ClCompile Include="src\libdxfrw\intern\dwgreader15.cpp">
      <Filter>Source Files\Model\libdxfrw\intern</Filter>
    </ClCompile>
    <ClCompile Include="src\libdxfrw\intern\dwgreader18.cpp">
      <Filter>Source Files\Model\libdxfrw\intern</Filter>
    </ClCompile>
    <ClCompile Include="src\libdxfrw\intern\dwgreader21.cpp">
      <Filter>Source Files\Model\libdxfrw\intern</Filter>
    </ClCompile>
    <ClCompile Include="src\libdxfrw\intern\dwgreader24.cpp">
      <Filter>Source Files\Model\libdxfrw\intern</Filter>
    </ClCompile>
    <ClCompile Include="src\libdxfrw\intern\dwgreader27.cpp">
      <Filter>Source Files\Model\libdxfrw\intern</Filter>
    </ClCompile>
    <ClCompile Include="src\libdxfrw\intern\dwgutil.cpp">
      <Filter>Source Files\Model\libdxfrw\intern</Filter>
    </ClCompile>
    <ClCompile Include="src\libdxfrw\intern\dxfreader.cpp">
      <Filter>Source Files\Model\libdxfrw\intern</Filter>
    </ClCompile>
    <ClCompile Include="src\libdxfrw\intern\dxfwriter.cpp">
      <Filter>Source Files\Model\libdxfrw\intern</Filter>
    </ClCompile>
    <ClCompile Include="src\libdxfrw\intern\rscodec.cpp">
      <Filter>Source Files\Model\libdxfrw\intern</Filter>
    </ClCompile>
    <ClCompile Include="src\CadItem.cpp">
      <Filter>Source Files\Item</Filter>
    </ClCompile>
  </ItemGroup>
  <ItemGroup>
    <ClInclude Include="include\pch.h">
      <Filter>Header Files\Application</Filter>
    </ClInclude>
    <ClInclude Include="include\AppTheme.h">
      <Filter>Header Files\Application</Filter>
    </ClInclude>
    <ClInclude Include="include\CadBitmapImportDialog.h">
      <Filter>Header Files\Application</Filter>
    </ClInclude>
    <ClInclude Include="include\CadCommandLineWidget.h">
      <Filter>Header Files\View</Filter>
    </ClInclude>
    <ClInclude Include="include\CadStatusPaneWidget.h">
      <Filter>Header Files\View</Filter>
    </ClInclude>
    <ClInclude Include="include\CadController.h">
      <Filter>Header Files\View\Interaction</Filter>
    </ClInclude>
    <ClInclude Include="include\DrawStateMachine.h">
      <Filter>Header Files\View\Interaction</Filter>
    </ClInclude>
    <ClInclude Include="include\CadCrosshairBuilder.h">
      <Filter>Header Files\View\Interaction</Filter>
    </ClInclude>
    <ClInclude Include="include\CadEntityPicker.h">
      <Filter>Header Files\View\Interaction</Filter>
    </ClInclude>
    <ClInclude Include="include\CadPreviewBuilder.h">
      <Filter>Header Files\View\Interaction</Filter>
    </ClInclude>
    <ClInclude Include="include\CadProcessVisualUtils.h">
      <Filter>Header Files\Document</Filter>
    </ClInclude>
    <ClInclude Include="include\CadViewInteractionController.h">
      <Filter>Header Files\View\Interaction</Filter>
    </ClInclude>
    <ClInclude Include="include\CadInteractionConstants.h">
      <Filter>Header Files\View\Interaction</Filter>
    </ClInclude>
    <ClInclude Include="include\CadEntityRenderer.h">
      <Filter>Header Files\View\Rendering</Filter>
    </ClInclude>
    <ClInclude Include="include\CadGraphicsCoordinator.h">
      <Filter>Header Files\View\Rendering</Filter>
    </ClInclude>
    <ClInclude Include="include\CadOpenGLState.h">
      <Filter>Header Files\View\Rendering</Filter>
    </ClInclude>
    <ClInclude Include="include\CadOverlayRenderer.h">
      <Filter>Header Files\View\Rendering</Filter>
    </ClInclude>
    <ClInclude Include="include\CadReferenceRenderer.h">
      <Filter>Header Files\View\Rendering</Filter>
    </ClInclude>
    <ClInclude Include="include\CadRenderTypes.h">
      <Filter>Header Files\View\Rendering</Filter>
    </ClInclude>
    <ClInclude Include="include\CadShaderManager.h">
      <Filter>Header Files\View\Rendering</Filter>
    </ClInclude>
    <ClInclude Include="include\CadSceneCoordinator.h">
      <Filter>Header Files\View\Scene</Filter>
    </ClInclude>
    <ClInclude Include="include\CadSceneContext.h">
      <Filter>Header Files\View\Scene</Filter>
    </ClInclude>
    <ClInclude Include="include\CadSceneRenderCache.h">
      <Filter>Header Files\View\Scene</Filter>
    </ClInclude>
    <ClInclude Include="include\CadCamera.h">
      <Filter>Header Files\View\Transform</Filter>
    </ClInclude>
    <ClInclude Include="include\CadCameraMath.h">
      <Filter>Header Files\View\Transform</Filter>
    </ClInclude>
    <ClInclude Include="include\CadCameraUtils.h">
      <Filter>Header Files\View\Transform</Filter>
    </ClInclude>
    <ClInclude Include="include\CadViewTransform.h">
      <Filter>Header Files\View\Transform</Filter>
    </ClInclude>
    <ClInclude Include="include\CadViewerUtils.h">
      <Filter>Header Files\View\Transform</Filter>
    </ClInclude>
    <ClInclude Include="include\CadEditer.h">
      <Filter>Header Files\Editing</Filter>
    </ClInclude>
    <ClInclude Include="include\GProfile.h">
      <Filter>Header Files\Document</Filter>
    </ClInclude>
    <ClInclude Include="include\GGenerator.h">
      <Filter>Header Files\Document</Filter>
    </ClInclude>
    <ClInclude Include="include\dx_data.h">
      <Filter>Header Files\Model\DX IO</Filter>
    </ClInclude>
    <ClInclude Include="include\dx_iface.h">
      <Filter>Header Files\Model\DX IO</Filter>
    </ClInclude>
    <ClInclude Include="include\CadBitmapVectorizer.h">
      <Filter>Header Files\Model</Filter>
    </ClInclude>
    <ClInclude Include="include\CadArcItem.h">
      <Filter>Header Files\Item</Filter>
    </ClInclude>
    <ClInclude Include="include\CadCircleItem.h">
      <Filter>Header Files\Item</Filter>
    </ClInclude>
    <ClInclude Include="include\CadEllipseItem.h">
      <Filter>Header Files\Item</Filter>
    </ClInclude>
    <ClInclude Include="include\CadLineItem.h">
      <Filter>Header Files\Item</Filter>
    </ClInclude>
    <ClInclude Include="include\CadLWPolylineItem.h">
      <Filter>Header Files\Item</Filter>
    </ClInclude>
    <ClInclude Include="include\CadPointItem.h">
      <Filter>Header Files\Item</Filter>
    </ClInclude>
    <ClInclude Include="include\CadPolylineItem.h">
      <Filter>Header Files\Item</Filter>
    </ClInclude>
    <ClInclude Include="include\libdxfrw\libdwgr.h">
      <Filter>Header Files\Model\libdxfrw</Filter>
    </ClInclude>
    <ClInclude Include="include\libdxfrw\libdxfrw.h">
      <Filter>Header Files\Model\libdxfrw</Filter>
    </ClInclude>
    <ClInclude Include="include\libdxfrw\drw_objects.h">
      <Filter>Header Files\Model\libdxfrw</Filter>
    </ClInclude>
    <ClInclude Include="include\libdxfrw\drw_base.h">
      <Filter>Header Files\Model\libdxfrw</Filter>
    </ClInclude>
    <ClInclude Include="include\libdxfrw\drw_classes.h">
      <Filter>Header Files\Model\libdxfrw</Filter>
    </ClInclude>
    <ClInclude Include="include\libdxfrw\drw_entities.h">
      <Filter>Header Files\Model\libdxfrw</Filter>
    </ClInclude>
    <ClInclude Include="include\libdxfrw\drw_header.h">
      <Filter>Header Files\Model\libdxfrw</Filter>
    </ClInclude>
    <ClInclude Include="include\libdxfrw\drw_interface.h">
      <Filter>Header Files\Model\libdxfrw</Filter>
    </ClInclude>
    <ClInclude Include="include\libdxfrw\intern\rscodec.h">
      <Filter>Header Files\Model\libdxfrw\intern</Filter>
    </ClInclude>
    <ClInclude Include="include\libdxfrw\intern\drw_cptable932.h">
      <Filter>Header Files\Model\libdxfrw\intern</Filter>
    </ClInclude>
    <ClInclude Include="include\libdxfrw\intern\drw_cptable936.h">
      <Filter>Header Files\Model\libdxfrw\intern</Filter>
    </ClInclude>
    <ClInclude Include="include\libdxfrw\intern\drw_cptable949.h">
      <Filter>Header Files\Model\libdxfrw\intern</Filter>
    </ClInclude>
    <ClInclude Include="include\libdxfrw\intern\drw_cptable950.h">
      <Filter>Header Files\Model\libdxfrw\intern</Filter>
    </ClInclude>
    <ClInclude Include="include\libdxfrw\intern\drw_cptables.h">
      <Filter>Header Files\Model\libdxfrw\intern</Filter>
    </ClInclude>
    <ClInclude Include="include\libdxfrw\intern\drw_dbg.h">
      <Filter>Header Files\Model\libdxfrw\intern</Filter>
    </ClInclude>
    <ClInclude Include="include\libdxfrw\intern\drw_reserve.h">
      <Filter>Header Files\Model\libdxfrw\intern</Filter>
    </ClInclude>
    <ClInclude Include="include\libdxfrw\intern\drw_textcodec.h">
      <Filter>Header Files\Model\libdxfrw\intern</Filter>
    </ClInclude>
    <ClInclude Include="include\libdxfrw\intern\dwgbuffer.h">
      <Filter>Header Files\Model\libdxfrw\intern</Filter>
    </ClInclude>
    <ClInclude Include="include\libdxfrw\intern\dwgreader.h">
      <Filter>Header Files\Model\libdxfrw\intern</Filter>
    </ClInclude>
    <ClInclude Include="include\libdxfrw\intern\dwgreader15.h">
      <Filter>Header Files\Model\libdxfrw\intern</Filter>
    </ClInclude>
    <ClInclude Include="include\libdxfrw\intern\dwgreader18.h">
      <Filter>Header Files\Model\libdxfrw\intern</Filter>
    </ClInclude>
    <ClInclude Include="include\libdxfrw\intern\dwgreader21.h">
      <Filter>Header Files\Model\libdxfrw\intern</Filter>
    </ClInclude>
    <ClInclude Include="include\libdxfrw\intern\dwgreader24.h">
      <Filter>Header Files\Model\libdxfrw\intern</Filter>
    </ClInclude>
    <ClInclude Include="include\libdxfrw\intern\dwgreader27.h">
      <Filter>Header Files\Model\libdxfrw\intern</Filter>
    </ClInclude>
    <ClInclude Include="include\libdxfrw\intern\dwgreader32.h">
      <Filter>Header Files\Model\libdxfrw\intern</Filter>
    </ClInclude>
    <ClInclude Include="include\libdxfrw\intern\dwgutil.h">
      <Filter>Header Files\Model\libdxfrw\intern</Filter>
    </ClInclude>
    <ClInclude Include="include\libdxfrw\intern\dxfreader.h">
      <Filter>Header Files\Model\libdxfrw\intern</Filter>
    </ClInclude>
    <ClInclude Include="include\libdxfrw\intern\dxfwriter.h">
      <Filter>Header Files\Model\libdxfrw\intern</Filter>
    </ClInclude>
  </ItemGroup>
</Project>
